<?xml version="1.0" encoding="utf-8"?>
<Project ToolsVersion="4.0" xmlns="http://schemas.microsoft.com/developer/msbuild/2003">
  <ItemGroup>
    <Filter Include="src">
      <UniqueIdentifier>{4FC737F1-C7A5-4376-A066-2A32D752A2FF}</UniqueIdentifier>
      <Extensions>cpp;c;cc;cxx;def;odl;idl;hpj;bat;asm;asmx</Extensions>
    </Filter>
    <Filter Include="res">
      <UniqueIdentifier>{67DA6AB6-F800-4c08-8B7A-83BB121AAD01}</UniqueIdentifier>
      <Extensions>rc;ico;cur;bmp;dlg;rc2;rct;bin;rgs;gif;jpg;jpeg;jpe;resx;tiff;tif;png;wav;mfcribbon-ms</Extensions>
    </Filter>
    <Filter Include="src\basic">
      <UniqueIdentifier>{ef0ac070-6ab5-4104-8bb5-e2dbc01ea3b9}</UniqueIdentifier>
    </Filter>
    <Filter Include="src\basic\msvc">
      <UniqueIdentifier>{72182ddf-7874-455b-9484-8233c604d7cd}</UniqueIdentifier>
    </Filter>
    <Filter Include="src\support">
      <UniqueIdentifier>{83179dc6-dd13-42ea-aefb-7d1b0c545eb1}</UniqueIdentifier>
    </Filter>
    <Filter Include="src\algorithm">
      <UniqueIdentifier>{b12b113c-f290-4137-9ba3-be22d7b2c380}</UniqueIdentifier>
    </Filter>
    <Filter Include="src\jstd">
      <UniqueIdentifier>{4934fa09-25d4-4661-88a7-185bfd5bdf14}</UniqueIdentifier>
    </Filter>
  </ItemGroup>
  <ItemGroup>
    <ClCompile Include="..\..\..\src\main\main.cpp">
      <Filter>src</Filter>
    </ClCompile>
  </ItemGroup>
  <ItemGroup>
    <ClInclude Include="..\..\..\src\main\StringMatch.h">
      <Filter>src</Filter>
    </ClInclude>
    <ClInclude Include="..\..\..\src\main\AlgorithmWrapper.h">
      <Filter>src</Filter>
    </ClInclude>
    <ClInclude Include="..\..\..\src\main\basic\msvc\inttypes.h">
      <Filter>src\basic\msvc</Filter>
    </ClInclude>
    <ClInclude Include="..\..\..\src\main\basic\msvc\stdbool.h">
      <Filter>src\basic\msvc</Filter>
    </ClInclude>
    <ClInclude Include="..\..\..\src\main\basic\msvc\stdint.h">
      <Filter>src\basic\msvc</Filter>
    </ClInclude>
    <ClInclude Include="..\..\..\src\main\support\StopWatch.h">
      <Filter>src\support</Filter>
    </ClInclude>
    <ClInclude Include="..\..\..\src\main\basic\inttypes.h">
      <Filter>src\basic</Filter>
    </ClInclude>
    <ClInclude Include="..\..\..\src\main\basic\stdint.h">
      <Filter>src\basic</Filter>
    </ClInclude>
    <ClInclude Include="..\..\..\src\main\basic\stdsize.h">
      <Filter>src\basic</Filter>
    </ClInclude>
    <ClInclude Include="..\..\..\src\main\basic\stddef.h">
      <Filter>src\basic</Filter>
    </ClInclude>
    <ClInclude Include="..\..\..\src\main\algorithm\BoyerMoore.h">
      <Filter>src\algorithm</Filter>
    </ClInclude>
    <ClInclude Include="..\..\..\src\main\algorithm\Kmp.h">
      <Filter>src\algorithm</Filter>
    </ClInclude>
    <ClInclude Include="..\..\..\src\main\algorithm\MemMem.h">
      <Filter>src\algorithm</Filter>
    </ClInclude>
    <ClInclude Include="..\..\..\src\main\algorithm\ShiftOr.h">
      <Filter>src\algorithm</Filter>
    </ClInclude>
    <ClInclude Include="..\..\..\src\main\algorithm\StdSearch.h">
      <Filter>src\algorithm</Filter>
    </ClInclude>
    <ClInclude Include="..\..\..\src\main\algorithm\StrStr.h">
      <Filter>src\algorithm</Filter>
    </ClInclude>
    <ClInclude Include="..\..\..\src\main\jstd\forward_iterator.h">
      <Filter>src\jstd</Filter>
    </ClInclude>
    <ClInclude Include="..\..\..\src\main\jstd\iterator.h">
      <Filter>src\jstd</Filter>
    </ClInclude>
    <ClInclude Include="..\..\..\src\main\jstd\standard_iterator.h">
      <Filter>src\jstd</Filter>
    </ClInclude>
    <ClInclude Include="..\..\..\src\main\jstd\string_iterator.h">
      <Filter>src\jstd</Filter>
    </ClInclude>
    <ClInclude Include="..\..\..\src\main\support\StringRef.h">
      <Filter>src\support</Filter>
    </ClInclude>
    <ClInclude Include="..\..\..\src\main\algorithm\MyMemMem.h">
      <Filter>src\algorithm</Filter>
    </ClInclude>
    <ClInclude Include="..\..\..\src\main\algorithm\MyStrStr.h">
      <Filter>src\algorithm</Filter>
    </ClInclude>
  </ItemGroup>
</Project>